
Microsoft Visual Studio Solution File, Format Version 12.00
# Visual Studio 14
VisualStudioVersion = 14.0.25420.1
MinimumVisualStudioVersion = 10.0.40219.1
Project("{2150E333-8FDC-42A3-9474-1A3956D46DE8}") = "src", "src", "{073C4991-19AB-45BF-87F9-A822F15FB51C}"
EndProject
Project("{2150E333-8FDC-42A3-9474-1A3956D46DE8}") = "Solution Items", "Solution Items", "{11EAA177-3D00-4674-AA75-46D8B123344C}"
	ProjectSection(SolutionItems) = preProject
		global.json = global.json
	EndProjectSection
EndProject
Project("{8BB2217D-0F2D-49D1-97BC-3654ED321F3B}") = "CatFactory.Dapper", "src\CatFactory.Dapper\CatFactory.Dapper.xproj", "{5F4B68F4-044B-4FCE-A476-13EE72B741F1}"
EndProject
Project("{2150E333-8FDC-42A3-9474-1A3956D46DE8}") = "test", "test", "{4508EE3D-303D-4799-B988-C82717B9982F}"
EndProject
Project("{8BB2217D-0F2D-49D1-97BC-3654ED321F3B}") = "CatFactory.Dapper.Tests", "test\CatFactory.Dapper.Tests\CatFactory.Dapper.Tests.xproj", "{F2DE1876-A29E-44F1-875F-8F3E867EE497}"
EndProject
Global
	GlobalSection(SolutionConfigurationPlatforms) = preSolution
		Debug|Any CPU = Debug|Any CPU
		Release|Any CPU = Release|Any CPU
	EndGlobalSection
	GlobalSection(ProjectConfigurationPlatforms) = postSolution
		{5F4B68F4-044B-4FCE-A476-13EE72B741F1}.Debug|Any CPU.ActiveCfg = Debug|Any CPU
		{5F4B68F4-044B-4FCE-A476-13EE72B741F1}.Debug|Any CPU.Build.0 = Debug|Any CPU
		{5F4B68F4-044B-4FCE-A476-13EE72B741F1}.Release|Any CPU.ActiveCfg = Release|Any CPU
		{5F4B68F4-044B-4FCE-A476-13EE72B741F1}.Release|Any CPU.Build.0 = Release|Any CPU
		{F2DE1876-A29E-44F1-875F-8F3E867EE497}.Debug|Any CPU.ActiveCfg = Debug|Any CPU
		{F2DE1876-A29E-44F1-875F-8F3E867EE497}.Debug|Any CPU.Build.0 = Debug|Any CPU
		{F2DE1876-A29E-44F1-875F-8F3E867EE497}.Release|Any CPU.ActiveCfg = Release|Any CPU
		{F2DE1876-A29E-44F1-875F-8F3E867EE497}.Release|Any CPU.Build.0 = Release|Any CPU
	EndGlobalSection
	GlobalSection(SolutionProperties) = preSolution
		HideSolutionNode = FALSE
	EndGlobalSection
	GlobalSection(NestedProjects) = preSolution
		{5F4B68F4-044B-4FCE-A476-13EE72B741F1} = {073C4991-19AB-45BF-87F9-A822F15FB51C}
		{F2DE1876-A29E-44F1-875F-8F3E867EE497} = {4508EE3D-303D-4799-B988-C82717B9982F}
	EndGlobalSection
EndGlobal
